
Microsoft Visual Studio Solution File, Format Version 12.00
# Visual Studio 14
VisualStudioVersion = 14.0.25420.1
MinimumVisualStudioVersion = 10.0.40219.1
Project("{8BC9CEB8-8B4A-11D0-8D11-00A0C91BC942}") = "Space Shooter Prototype 2016-09-01", "Space Shooter Prototype 2016-09-01\Space Shooter Prototype 2016-09-01.vcxproj", "{1CA31D0F-2D90-46F2-8CF4-BB945D9C64F4}"
EndProject
Global
	GlobalSection(SolutionConfigurationPlatforms) = preSolution
		Debug|x64 = Debug|x64
		Debug|x86 = Debug|x86
		Release|x64 = Release|x64
		Release|x86 = Release|x86
	EndGlobalSection
	GlobalSection(ProjectConfigurationPlatforms) = postSolution
		{1CA31D0F-2D90-46F2-8CF4-BB945D9C64F4}.Debug|x64.ActiveCfg = Debug|x64
		{1CA31D0F-2D90-46F2-8CF4-BB945D9C64F4}.Debug|x64.Build.0 = Debug|x64
		{1CA31D0F-2D90-46F2-8CF4-BB945D9C64F4}.Debug|x86.ActiveCfg = Debug|Win32
		{1CA31D0F-2D90-46F2-8CF4-BB945D9C64F4}.Debug|x86.Build.0 = Debug|Win32
		{1CA31D0F-2D90-46F2-8CF4-BB945D9C64F4}.Release|x64.ActiveCfg = Release|x64
		{1CA31D0F-2D90-46F2-8CF4-BB945D9C64F4}.Release|x64.Build.0 = Release|x64
		{1CA31D0F-2D90-46F2-8CF4-BB945D9C64F4}.Release|x86.ActiveCfg = Release|Win32
		{1CA31D0F-2D90-46F2-8CF4-BB945D9C64F4}.Release|x86.Build.0 = Release|Win32
	EndGlobalSection
	GlobalSection(SolutionProperties) = preSolution
		HideSolutionNode = FALSE
	EndGlobalSection
EndGlobal
