<?xml version="1.0" encoding="utf-8"?>
<Project ToolsVersion="4.0" xmlns="http://schemas.microsoft.com/developer/msbuild/2003">
  <ItemGroup>
    <Filter Include="Source Files">
      <UniqueIdentifier>{4FC737F1-C7A5-4376-A066-2A32D752A2FF}</UniqueIdentifier>
      <Extensions>cpp;c;cc;cxx;def;odl;idl;hpj;bat;asm;asmx</Extensions>
    </Filter>
    <Filter Include="Header Files">
      <UniqueIdentifier>{93995380-89BD-4b04-88EB-625FBE52EBFB}</UniqueIdentifier>
      <Extensions>h;hh;hpp;hxx;hm;inl;inc;xsd</Extensions>
    </Filter>
    <Filter Include="Resources">
      <UniqueIdentifier>{10706ea0-fdb1-4357-9c31-e728708c86c1}</UniqueIdentifier>
    </Filter>
    <Filter Include="MenuState">
      <UniqueIdentifier>{251d7055-9faf-4592-976d-9a7011c03e5b}</UniqueIdentifier>
    </Filter>
    <Filter Include="GameState">
      <UniqueIdentifier>{33ee588c-b424-4077-afe4-e3779cc0a8fe}</UniqueIdentifier>
    </Filter>
    <Filter Include="LoadingState">
      <UniqueIdentifier>{0f928780-23f9-429b-b2c9-36a69ae6b73e}</UniqueIdentifier>
    </Filter>
    <Filter Include="GameState\Components">
      <UniqueIdentifier>{09388244-032c-402d-9994-db70985cbdb8}</UniqueIdentifier>
    </Filter>
    <Filter Include="GameState\Components\UI">
      <UniqueIdentifier>{f094564c-5a25-4836-a616-9b90b93e9800}</UniqueIdentifier>
    </Filter>
    <Filter Include="GameState\Components\Handlers">
      <UniqueIdentifier>{0d2f7921-a0aa-488e-b78b-8add77a8fdc2}</UniqueIdentifier>
    </Filter>
    <Filter Include="WIP">
      <UniqueIdentifier>{584da3bf-fb34-4558-812c-10973e3f9429}</UniqueIdentifier>
    </Filter>
  </ItemGroup>
  <ItemGroup>
    <ClCompile Include="Source\Game.cpp">
      <Filter>Source Files</Filter>
    </ClCompile>
    <ClCompile Include="Source\Main.cpp">
      <Filter>Source Files</Filter>
    </ClCompile>
    <ClCompile Include="Source\Object.cpp">
      <Filter>Source Files</Filter>
    </ClCompile>
    <ClCompile Include="Source\Randomizer.cpp">
      <Filter>Source Files</Filter>
    </ClCompile>
    <ClCompile Include="Source\ResourceHolder.cpp">
      <Filter>Source Files</Filter>
    </ClCompile>
    <ClCompile Include="Source\StateManager.cpp">
      <Filter>Source Files</Filter>
    </ClCompile>
    <ClCompile Include="Source\PhysicalObject.cpp">
      <Filter>Source Files</Filter>
    </ClCompile>
    <ClCompile Include="Source\MenuState.cpp">
      <Filter>MenuState</Filter>
    </ClCompile>
    <ClCompile Include="Source\LoadingState.cpp">
      <Filter>LoadingState</Filter>
    </ClCompile>
    <ClCompile Include="Source\GameState.cpp">
      <Filter>GameState</Filter>
    </ClCompile>
    <ClCompile Include="Source\Background.cpp">
      <Filter>GameState\Components</Filter>
    </ClCompile>
    <ClCompile Include="Source\Enemy.cpp">
      <Filter>GameState\Components</Filter>
    </ClCompile>
    <ClCompile Include="Source\Laser.cpp">
      <Filter>GameState\Components</Filter>
    </ClCompile>
    <ClCompile Include="Source\Pickup.cpp">
      <Filter>GameState\Components</Filter>
    </ClCompile>
    <ClCompile Include="Source\Player.cpp">
      <Filter>GameState\Components</Filter>
    </ClCompile>
    <ClCompile Include="Source\Score.cpp">
      <Filter>GameState\Components\UI</Filter>
    </ClCompile>
    <ClCompile Include="Source\Hud.cpp">
      <Filter>GameState\Components\UI</Filter>
    </ClCompile>
    <ClCompile Include="Source\CollisionHandler.cpp">
      <Filter>GameState\Components\Handlers</Filter>
    </ClCompile>
    <ClCompile Include="Source\World.cpp">
      <Filter>GameState\Components</Filter>
    </ClCompile>
    <ClCompile Include="Source\GameConfig.cpp">
      <Filter>Source Files</Filter>
    </ClCompile>
    <ClCompile Include="Source\SoundSystem.cpp">
      <Filter>WIP</Filter>
    </ClCompile>
    <ClCompile Include="Source\PickupFactory.cpp">
      <Filter>Source Files</Filter>
    </ClCompile>
    <ClCompile Include="Source\EnemyState.cpp">
      <Filter>Source Files</Filter>
    </ClCompile>
  </ItemGroup>
  <ItemGroup>
    <ClInclude Include="Include\Context.hpp">
      <Filter>Header Files</Filter>
    </ClInclude>
    <ClInclude Include="Include\Game.hpp">
      <Filter>Header Files</Filter>
    </ClInclude>
    <ClInclude Include="Include\Object.hpp">
      <Filter>Header Files</Filter>
    </ClInclude>
    <ClInclude Include="Include\Randomizer.hpp">
      <Filter>Header Files</Filter>
    </ClInclude>
    <ClInclude Include="Include\ResourceHolder.hpp">
      <Filter>Header Files</Filter>
    </ClInclude>
    <ClInclude Include="Include\StateManager.hpp">
      <Filter>Header Files</Filter>
    </ClInclude>
    <ClInclude Include="Include\Tools.hpp">
      <Filter>Header Files</Filter>
    </ClInclude>
    <ClInclude Include="Include\State.hpp">
      <Filter>Header Files</Filter>
    </ClInclude>
    <ClInclude Include="Include\PhysicalObject.hpp">
      <Filter>Header Files</Filter>
    </ClInclude>
    <ClInclude Include="Include\GameConfig.hpp">
      <Filter>Header Files</Filter>
    </ClInclude>
    <ClInclude Include="Include\MenuState.hpp">
      <Filter>MenuState</Filter>
    </ClInclude>
    <ClInclude Include="Include\LoadingState.hpp">
      <Filter>LoadingState</Filter>
    </ClInclude>
    <ClInclude Include="Include\GameState.hpp">
      <Filter>GameState</Filter>
    </ClInclude>
    <ClInclude Include="Include\Background.hpp">
      <Filter>GameState\Components</Filter>
    </ClInclude>
    <ClInclude Include="Include\Laser.hpp">
      <Filter>GameState\Components</Filter>
    </ClInclude>
    <ClInclude Include="Include\Player.hpp">
      <Filter>GameState\Components</Filter>
    </ClInclude>
    <ClInclude Include="Include\Enemy.hpp">
      <Filter>GameState\Components</Filter>
    </ClInclude>
    <ClInclude Include="Include\Pickup.hpp">
      <Filter>GameState\Components</Filter>
    </ClInclude>
    <ClInclude Include="Include\Score.hpp">
      <Filter>GameState\Components\UI</Filter>
    </ClInclude>
    <ClInclude Include="Include\Hud.hpp">
      <Filter>GameState\Components\UI</Filter>
    </ClInclude>
    <ClInclude Include="Include\CollisionHandler.hpp">
      <Filter>GameState\Components\Handlers</Filter>
    </ClInclude>
    <ClInclude Include="Include\World.hpp">
      <Filter>GameState\Components</Filter>
    </ClInclude>
    <ClInclude Include="Include\SoundSystem.hpp">
      <Filter>WIP</Filter>
    </ClInclude>
    <ClInclude Include="Include\Observer.hpp">
      <Filter>Header Files</Filter>
    </ClInclude>
    <ClInclude Include="Include\PickupFactory.hpp">
      <Filter>Header Files</Filter>
    </ClInclude>
    <ClInclude Include="Include\EnemyState.hpp">
      <Filter>Header Files</Filter>
    </ClInclude>
  </ItemGroup>
  <ItemGroup>
    <Image Include="Resources\Graphics\Background.png">
      <Filter>Resources</Filter>
    </Image>
    <Image Include="Resources\Graphics\Cursor.png">
      <Filter>Resources</Filter>
    </Image>
    <Image Include="Resources\Graphics\EnemyShip.png">
      <Filter>Resources</Filter>
    </Image>
    <Image Include="Resources\Graphics\GreenLaser.png">
      <Filter>Resources</Filter>
    </Image>
    <Image Include="Resources\Graphics\LaserGreen.png">
      <Filter>Resources</Filter>
    </Image>
    <Image Include="Resources\Graphics\LaserRed.png">
      <Filter>Resources</Filter>
    </Image>
    <Image Include="Resources\Graphics\Life.png">
      <Filter>Resources</Filter>
    </Image>
    <Image Include="Resources\Graphics\Menu.png">
      <Filter>Resources</Filter>
    </Image>
    <Image Include="Resources\Graphics\RedLaser.png">
      <Filter>Resources</Filter>
    </Image>
    <Image Include="Resources\Graphics\Ship.png">
      <Filter>Resources</Filter>
    </Image>
    <Image Include="Resources\Graphics\StarBackground.png">
      <Filter>Resources</Filter>
    </Image>
  </ItemGroup>
  <ItemGroup>
    <Font Include="Resources\Fonts\Alger.ttf">
      <Filter>Resources</Filter>
    </Font>
    <Font Include="Resources\Fonts\Candara.ttf">
      <Filter>Resources</Filter>
    </Font>
  </ItemGroup>
  <ItemGroup>
    <None Include="Resources\Music\GameTheme.ogg">
      <Filter>Resources</Filter>
    </None>
    <None Include="Resources\Music\LoadingTheme.ogg">
      <Filter>Resources</Filter>
    </None>
  </ItemGroup>
  <ItemGroup>
    <Media Include="Resources\Sounds\DamageTaken.wav">
      <Filter>Resources</Filter>
    </Media>
    <Media Include="Resources\Sounds\EnemyLaser.wav">
      <Filter>Resources</Filter>
    </Media>
    <Media Include="Resources\Sounds\Explosion.wav">
      <Filter>Resources</Filter>
    </Media>
    <Media Include="Resources\Sounds\PlayerLaser.wav">
      <Filter>Resources</Filter>
    </Media>
  </ItemGroup>
</Project>